
Microsoft Visual Studio Solution File, Format Version 12.00
# Visual Studio Version 17
VisualStudioVersion = 17.2.32616.157
MinimumVisualStudioVersion = 10.0.40219.1
Project("{FAE04EC0-301F-11D3-BF4B-00C04F79EFBC}") = "ASP.net.first", "ASP.net.first\ASP.net.first.csproj", "{D2EE15EE-28C3-4871-A96B-B78CFD9925A8}"
EndProject
Global
	GlobalSection(SolutionConfigurationPlatforms) = preSolution
		Debug|Any CPU = Debug|Any CPU
		Release|Any CPU = Release|Any CPU
	EndGlobalSection
	GlobalSection(ProjectConfigurationPlatforms) = postSolution
		{D2EE15EE-28C3-4871-A96B-B78CFD9925A8}.Debug|Any CPU.ActiveCfg = Debug|Any CPU
		{D2EE15EE-28C3-4871-A96B-B78CFD9925A8}.Debug|Any CPU.Build.0 = Debug|Any CPU
		{D2EE15EE-28C3-4871-A96B-B78CFD9925A8}.Release|Any CPU.ActiveCfg = Release|Any CPU
		{D2EE15EE-28C3-4871-A96B-B78CFD9925A8}.Release|Any CPU.Build.0 = Release|Any CPU
	EndGlobalSection
	GlobalSection(SolutionProperties) = preSolution
		HideSolutionNode = FALSE
	EndGlobalSection
	GlobalSection(ExtensibilityGlobals) = postSolution
		SolutionGuid = {5F632718-A84A-48F7-B745-9F3DF2816C68}
	EndGlobalSection
EndGlobal
